
Microsoft Visual Studio Solution File, Format Version 12.00
Project("{FAE04EC0-301F-11D3-BF4B-00C04F79EFBC}") = "FastEndpointExample.Api", "FastEndpointExample.Api\FastEndpointExample.Api.csproj", "{187CA2CD-AB2C-49E4-8463-E2DA6A83DC85}"
EndProject
Global
	GlobalSection(SolutionConfigurationPlatforms) = preSolution
		Debug|Any CPU = Debug|Any CPU
		Release|Any CPU = Release|Any CPU
	EndGlobalSection
	GlobalSection(ProjectConfigurationPlatforms) = postSolution
		{187CA2CD-AB2C-49E4-8463-E2DA6A83DC85}.Debug|Any CPU.ActiveCfg = Debug|Any CPU
		{187CA2CD-AB2C-49E4-8463-E2DA6A83DC85}.Debug|Any CPU.Build.0 = Debug|Any CPU
		{187CA2CD-AB2C-49E4-8463-E2DA6A83DC85}.Release|Any CPU.ActiveCfg = Release|Any CPU
		{187CA2CD-AB2C-49E4-8463-E2DA6A83DC85}.Release|Any CPU.Build.0 = Release|Any CPU
	EndGlobalSection
EndGlobal
